
Microsoft Visual Studio Solution File, Format Version 12.00
# Visual Studio Version 17
VisualStudioVersion = 17.9.34616.47
MinimumVisualStudioVersion = 10.0.40219.1
Project("{FAE04EC0-301F-11D3-BF4B-00C04F79EFBC}") = "Clase", "Clase\Clase.csproj", "{6F726E05-0580-4E98-97B2-14B20B162148}"
EndProject
Global
	GlobalSection(SolutionConfigurationPlatforms) = preSolution
		Debug|Any CPU = Debug|Any CPU
		Release|Any CPU = Release|Any CPU
	EndGlobalSection
	GlobalSection(ProjectConfigurationPlatforms) = postSolution
		{6F726E05-0580-4E98-97B2-14B20B162148}.Debug|Any CPU.ActiveCfg = Debug|Any CPU
		{6F726E05-0580-4E98-97B2-14B20B162148}.Debug|Any CPU.Build.0 = Debug|Any CPU
		{6F726E05-0580-4E98-97B2-14B20B162148}.Release|Any CPU.ActiveCfg = Release|Any CPU
		{6F726E05-0580-4E98-97B2-14B20B162148}.Release|Any CPU.Build.0 = Release|Any CPU
	EndGlobalSection
	GlobalSection(SolutionProperties) = preSolution
		HideSolutionNode = FALSE
	EndGlobalSection
	GlobalSection(ExtensibilityGlobals) = postSolution
		SolutionGuid = {4C171FDD-8CFC-412E-993C-D71C65CD7360}
	EndGlobalSection
EndGlobal
